
Microsoft Visual Studio Solution File, Format Version 12.00
# Visual Studio 15
VisualStudioVersion = 15.0.27130.2027
MinimumVisualStudioVersion = 10.0.40219.1
Project("{FAE04EC0-301F-11D3-BF4B-00C04F79EFBC}") = "OutlookSwissPTTimetable", "OutlookSwissPTTimetable\OutlookSwissPTTimetable.csproj", "{B8EB0359-D9B2-4BF4-A5E1-FC4A30C66B04}"
EndProject
Project("{2150E333-8FDC-42A3-9474-1A3956D46DE8}") = "Solution Items", "Solution Items", "{B9E9B7DB-77AD-410D-A3CA-DEC304737791}"
	ProjectSection(SolutionItems) = preProject
		README.md = README.md
	EndProjectSection
EndProject
Global
	GlobalSection(SolutionConfigurationPlatforms) = preSolution
		Debug|Any CPU = Debug|Any CPU
		Release|Any CPU = Release|Any CPU
	EndGlobalSection
	GlobalSection(ProjectConfigurationPlatforms) = postSolution
		{B8EB0359-D9B2-4BF4-A5E1-FC4A30C66B04}.Debug|Any CPU.ActiveCfg = Debug|Any CPU
		{B8EB0359-D9B2-4BF4-A5E1-FC4A30C66B04}.Debug|Any CPU.Build.0 = Debug|Any CPU
		{B8EB0359-D9B2-4BF4-A5E1-FC4A30C66B04}.Release|Any CPU.ActiveCfg = Release|Any CPU
		{B8EB0359-D9B2-4BF4-A5E1-FC4A30C66B04}.Release|Any CPU.Build.0 = Release|Any CPU
	EndGlobalSection
	GlobalSection(SolutionProperties) = preSolution
		HideSolutionNode = FALSE
	EndGlobalSection
	GlobalSection(ExtensibilityGlobals) = postSolution
		SolutionGuid = {AD11205B-0E26-43EA-99AB-C6A2E0F6A099}
	EndGlobalSection
EndGlobal
